
Microsoft Visual Studio Solution File, Format Version 12.00
# Visual Studio Version 17
VisualStudioVersion = 17.11.35208.52
MinimumVisualStudioVersion = 10.0.40219.1
Project("{54A90642-561A-4BB1-A94E-469ADEE60C69}") = "Homes", "Homes\Homes.esproj", "{37DF77D1-799F-4A4A-9485-71925A0A495D}"
EndProject
Global
	GlobalSection(SolutionConfigurationPlatforms) = preSolution
		Debug|Any CPU = Debug|Any CPU
		Release|Any CPU = Release|Any CPU
	EndGlobalSection
	GlobalSection(ProjectConfigurationPlatforms) = postSolution
		{37DF77D1-799F-4A4A-9485-71925A0A495D}.Debug|Any CPU.ActiveCfg = Debug|Any CPU
		{37DF77D1-799F-4A4A-9485-71925A0A495D}.Debug|Any CPU.Build.0 = Debug|Any CPU
		{37DF77D1-799F-4A4A-9485-71925A0A495D}.Debug|Any CPU.Deploy.0 = Debug|Any CPU
		{37DF77D1-799F-4A4A-9485-71925A0A495D}.Release|Any CPU.ActiveCfg = Release|Any CPU
		{37DF77D1-799F-4A4A-9485-71925A0A495D}.Release|Any CPU.Build.0 = Release|Any CPU
		{37DF77D1-799F-4A4A-9485-71925A0A495D}.Release|Any CPU.Deploy.0 = Release|Any CPU
	EndGlobalSection
	GlobalSection(SolutionProperties) = preSolution
		HideSolutionNode = FALSE
	EndGlobalSection
	GlobalSection(ExtensibilityGlobals) = postSolution
		SolutionGuid = {FEC18234-3D44-4BF2-9776-5D0ACB1C5344}
	EndGlobalSection
EndGlobal
